
Microsoft Visual Studio Solution File, Format Version 12.00
# Visual Studio 15
VisualStudioVersion = 15.0.28307.645
MinimumVisualStudioVersion = 10.0.40219.1
Project("{FAE04EC0-301F-11D3-BF4B-00C04F79EFBC}") = "mybim1", "mybim\mybim1.csproj", "{5121159C-6EB7-4413-B30D-8FCBB7351305}"
EndProject
Global
	GlobalSection(SolutionConfigurationPlatforms) = preSolution
		Debug|Any CPU = Debug|Any CPU
		Release|Any CPU = Release|Any CPU
	EndGlobalSection
	GlobalSection(ProjectConfigurationPlatforms) = postSolution
		{5121159C-6EB7-4413-B30D-8FCBB7351305}.Debug|Any CPU.ActiveCfg = Debug|Any CPU
		{5121159C-6EB7-4413-B30D-8FCBB7351305}.Debug|Any CPU.Build.0 = Debug|Any CPU
		{5121159C-6EB7-4413-B30D-8FCBB7351305}.Release|Any CPU.ActiveCfg = Release|Any CPU
		{5121159C-6EB7-4413-B30D-8FCBB7351305}.Release|Any CPU.Build.0 = Release|Any CPU
	EndGlobalSection
	GlobalSection(SolutionProperties) = preSolution
		HideSolutionNode = FALSE
	EndGlobalSection
	GlobalSection(ExtensibilityGlobals) = postSolution
		SolutionGuid = {99C63DF7-A8A1-4ECA-A969-0A2F46ACD6C8}
	EndGlobalSection
EndGlobal
